
Microsoft Visual Studio Solution File, Format Version 12.00
# Visual Studio Version 17
VisualStudioVersion = 17.0.31903.59
MinimumVisualStudioVersion = 10.0.40219.1
Project("{2150E333-8FDC-42A3-9474-1A3956D46DE8}") = "src", "src", "{502C500E-F64A-4347-BF00-8B383B3E8250}"
EndProject
Project("{FAE04EC0-301F-11D3-BF4B-00C04F79EFBC}") = "Planify.Domain", "src\Planify.Domain\Planify.Domain.csproj", "{DD1A8F56-21A0-4E5B-A199-BF5149EA5A87}"
EndProject
Project("{FAE04EC0-301F-11D3-BF4B-00C04F79EFBC}") = "Planify.Application", "src\Planify.Application\Planify.Application.csproj", "{E4851E86-CB3F-43FA-88A1-D31798E34C1B}"
EndProject
Project("{FAE04EC0-301F-11D3-BF4B-00C04F79EFBC}") = "Planify.Infrastructure", "src\Planify.Infrastructure\Planify.Infrastructure.csproj", "{46D45630-5202-4EC2-B0BD-6C6A05BEBD1A}"
EndProject
Project("{2150E333-8FDC-42A3-9474-1A3956D46DE8}") = "tests", "tests", "{4AD518D2-2A90-4042-8E2D-7232939ECA8F}"
EndProject
Project("{FAE04EC0-301F-11D3-BF4B-00C04F79EFBC}") = "Planify.Application.Tests", "tests\Planify.Application.Tests\Planify.Application.Tests.csproj", "{C6C98B24-180F-40C0-8847-938EE3129EA4}"
EndProject
Project("{FAE04EC0-301F-11D3-BF4B-00C04F79EFBC}") = "Planify.Infrastructure.Tests", "tests\Planify.Infrastructure.Tests\Planify.Infrastructure.Tests.csproj", "{823B865D-89C8-4FF1-B05B-3F7EDC38D6A2}"
EndProject
Project("{FAE04EC0-301F-11D3-BF4B-00C04F79EFBC}") = "Planify.API.Tests", "tests\Planify.API.Tests\Planify.API.Tests.csproj", "{C3E4F914-3171-481B-8E97-B6EBDD76E904}"
EndProject
Project("{FAE04EC0-301F-11D3-BF4B-00C04F79EFBC}") = "Planify.API", "src\planify.api\Planify.API.csproj", "{89B63052-F191-4626-971D-6EF65E8931D8}"
EndProject
Global
	GlobalSection(SolutionConfigurationPlatforms) = preSolution
		Debug|Any CPU = Debug|Any CPU
		Release|Any CPU = Release|Any CPU
	EndGlobalSection
	GlobalSection(SolutionProperties) = preSolution
		HideSolutionNode = FALSE
	EndGlobalSection
	GlobalSection(ProjectConfigurationPlatforms) = postSolution
		{DD1A8F56-21A0-4E5B-A199-BF5149EA5A87}.Debug|Any CPU.ActiveCfg = Debug|Any CPU
		{DD1A8F56-21A0-4E5B-A199-BF5149EA5A87}.Debug|Any CPU.Build.0 = Debug|Any CPU
		{DD1A8F56-21A0-4E5B-A199-BF5149EA5A87}.Release|Any CPU.ActiveCfg = Release|Any CPU
		{DD1A8F56-21A0-4E5B-A199-BF5149EA5A87}.Release|Any CPU.Build.0 = Release|Any CPU
		{E4851E86-CB3F-43FA-88A1-D31798E34C1B}.Debug|Any CPU.ActiveCfg = Debug|Any CPU
		{E4851E86-CB3F-43FA-88A1-D31798E34C1B}.Debug|Any CPU.Build.0 = Debug|Any CPU
		{E4851E86-CB3F-43FA-88A1-D31798E34C1B}.Release|Any CPU.ActiveCfg = Release|Any CPU
		{E4851E86-CB3F-43FA-88A1-D31798E34C1B}.Release|Any CPU.Build.0 = Release|Any CPU
		{46D45630-5202-4EC2-B0BD-6C6A05BEBD1A}.Debug|Any CPU.ActiveCfg = Debug|Any CPU
		{46D45630-5202-4EC2-B0BD-6C6A05BEBD1A}.Debug|Any CPU.Build.0 = Debug|Any CPU
		{46D45630-5202-4EC2-B0BD-6C6A05BEBD1A}.Release|Any CPU.ActiveCfg = Release|Any CPU
		{46D45630-5202-4EC2-B0BD-6C6A05BEBD1A}.Release|Any CPU.Build.0 = Release|Any CPU
		{C6C98B24-180F-40C0-8847-938EE3129EA4}.Debug|Any CPU.ActiveCfg = Debug|Any CPU
		{C6C98B24-180F-40C0-8847-938EE3129EA4}.Debug|Any CPU.Build.0 = Debug|Any CPU
		{C6C98B24-180F-40C0-8847-938EE3129EA4}.Release|Any CPU.ActiveCfg = Release|Any CPU
		{C6C98B24-180F-40C0-8847-938EE3129EA4}.Release|Any CPU.Build.0 = Release|Any CPU
		{823B865D-89C8-4FF1-B05B-3F7EDC38D6A2}.Debug|Any CPU.ActiveCfg = Debug|Any CPU
		{823B865D-89C8-4FF1-B05B-3F7EDC38D6A2}.Debug|Any CPU.Build.0 = Debug|Any CPU
		{823B865D-89C8-4FF1-B05B-3F7EDC38D6A2}.Release|Any CPU.ActiveCfg = Release|Any CPU
		{823B865D-89C8-4FF1-B05B-3F7EDC38D6A2}.Release|Any CPU.Build.0 = Release|Any CPU
		{C3E4F914-3171-481B-8E97-B6EBDD76E904}.Debug|Any CPU.ActiveCfg = Debug|Any CPU
		{C3E4F914-3171-481B-8E97-B6EBDD76E904}.Debug|Any CPU.Build.0 = Debug|Any CPU
		{C3E4F914-3171-481B-8E97-B6EBDD76E904}.Release|Any CPU.ActiveCfg = Release|Any CPU
		{C3E4F914-3171-481B-8E97-B6EBDD76E904}.Release|Any CPU.Build.0 = Release|Any CPU
		{89B63052-F191-4626-971D-6EF65E8931D8}.Debug|Any CPU.ActiveCfg = Debug|Any CPU
		{89B63052-F191-4626-971D-6EF65E8931D8}.Debug|Any CPU.Build.0 = Debug|Any CPU
		{89B63052-F191-4626-971D-6EF65E8931D8}.Release|Any CPU.ActiveCfg = Release|Any CPU
		{89B63052-F191-4626-971D-6EF65E8931D8}.Release|Any CPU.Build.0 = Release|Any CPU
	EndGlobalSection
	GlobalSection(NestedProjects) = preSolution
		{DD1A8F56-21A0-4E5B-A199-BF5149EA5A87} = {502C500E-F64A-4347-BF00-8B383B3E8250}
		{E4851E86-CB3F-43FA-88A1-D31798E34C1B} = {502C500E-F64A-4347-BF00-8B383B3E8250}
		{46D45630-5202-4EC2-B0BD-6C6A05BEBD1A} = {502C500E-F64A-4347-BF00-8B383B3E8250}
		{C6C98B24-180F-40C0-8847-938EE3129EA4} = {4AD518D2-2A90-4042-8E2D-7232939ECA8F}
		{823B865D-89C8-4FF1-B05B-3F7EDC38D6A2} = {4AD518D2-2A90-4042-8E2D-7232939ECA8F}
		{C3E4F914-3171-481B-8E97-B6EBDD76E904} = {4AD518D2-2A90-4042-8E2D-7232939ECA8F}
		{89B63052-F191-4626-971D-6EF65E8931D8} = {502C500E-F64A-4347-BF00-8B383B3E8250}
	EndGlobalSection
EndGlobal
